
Microsoft Visual Studio Solution File, Format Version 12.00
# Visual Studio 2012
Project("{FAE04EC0-301F-11D3-BF4B-00C04F79EFBC}") = "FileManagerService", "FileManagerService\FileManagerService.csproj", "{47603311-DC22-498B-956A-9A8C4AA0EE55}"
EndProject
Project("{FAE04EC0-301F-11D3-BF4B-00C04F79EFBC}") = "FileManagerService.Interfaces", "FileManagerService.Interfaces\FileManagerService.Interfaces.csproj", "{D2D4D96B-D761-49C3-98E9-12F47544CDAD}"
EndProject
Project("{FAE04EC0-301F-11D3-BF4B-00C04F79EFBC}") = "FileManagerService.Models", "FileManagerService.Models\FileManagerService.Models.csproj", "{60473EB0-A438-422F-9D22-73BDAEC6BD9C}"
EndProject
Project("{FAE04EC0-301F-11D3-BF4B-00C04F79EFBC}") = "FileManagerService.Tests", "FileManagerService.Tests\FileManagerService.Tests.csproj", "{D321FF71-9C87-4350-85D8-990675CD77CD}"
EndProject
Global
	GlobalSection(SolutionConfigurationPlatforms) = preSolution
		Debug|Any CPU = Debug|Any CPU
		Release|Any CPU = Release|Any CPU
	EndGlobalSection
	GlobalSection(ProjectConfigurationPlatforms) = postSolution
		{47603311-DC22-498B-956A-9A8C4AA0EE55}.Debug|Any CPU.ActiveCfg = Debug|Any CPU
		{47603311-DC22-498B-956A-9A8C4AA0EE55}.Debug|Any CPU.Build.0 = Debug|Any CPU
		{47603311-DC22-498B-956A-9A8C4AA0EE55}.Release|Any CPU.ActiveCfg = Release|Any CPU
		{47603311-DC22-498B-956A-9A8C4AA0EE55}.Release|Any CPU.Build.0 = Release|Any CPU
		{D2D4D96B-D761-49C3-98E9-12F47544CDAD}.Debug|Any CPU.ActiveCfg = Debug|Any CPU
		{D2D4D96B-D761-49C3-98E9-12F47544CDAD}.Debug|Any CPU.Build.0 = Debug|Any CPU
		{D2D4D96B-D761-49C3-98E9-12F47544CDAD}.Release|Any CPU.ActiveCfg = Release|Any CPU
		{D2D4D96B-D761-49C3-98E9-12F47544CDAD}.Release|Any CPU.Build.0 = Release|Any CPU
		{60473EB0-A438-422F-9D22-73BDAEC6BD9C}.Debug|Any CPU.ActiveCfg = Debug|Any CPU
		{60473EB0-A438-422F-9D22-73BDAEC6BD9C}.Debug|Any CPU.Build.0 = Debug|Any CPU
		{60473EB0-A438-422F-9D22-73BDAEC6BD9C}.Release|Any CPU.ActiveCfg = Release|Any CPU
		{60473EB0-A438-422F-9D22-73BDAEC6BD9C}.Release|Any CPU.Build.0 = Release|Any CPU
		{D321FF71-9C87-4350-85D8-990675CD77CD}.Debug|Any CPU.ActiveCfg = Debug|Any CPU
		{D321FF71-9C87-4350-85D8-990675CD77CD}.Debug|Any CPU.Build.0 = Debug|Any CPU
		{D321FF71-9C87-4350-85D8-990675CD77CD}.Release|Any CPU.ActiveCfg = Release|Any CPU
		{D321FF71-9C87-4350-85D8-990675CD77CD}.Release|Any CPU.Build.0 = Release|Any CPU
	EndGlobalSection
	GlobalSection(SolutionProperties) = preSolution
		HideSolutionNode = FALSE
	EndGlobalSection
EndGlobal
